
Microsoft Visual Studio Solution File, Format Version 12.00
# Visual Studio Version 17
VisualStudioVersion = 17.11.35219.272
MinimumVisualStudioVersion = 10.0.40219.1
Project("{9A19103F-16F7-4668-BE54-9A1E7A4F7556}") = "Laba_9", "Laba_9.csproj", "{1FC7D7B1-A2A8-4019-9F58-15C2B0F73B32}"
EndProject
Project("{9A19103F-16F7-4668-BE54-9A1E7A4F7556}") = "Laba_9.Tests", "..\TestUnit1\Laba_9.Tests.csproj", "{363030F3-EC01-4A27-B28B-30E651CD7931}"
EndProject
Global
	GlobalSection(SolutionConfigurationPlatforms) = preSolution
		Debug|Any CPU = Debug|Any CPU
		Release|Any CPU = Release|Any CPU
	EndGlobalSection
	GlobalSection(ProjectConfigurationPlatforms) = postSolution
		{1FC7D7B1-A2A8-4019-9F58-15C2B0F73B32}.Debug|Any CPU.ActiveCfg = Debug|Any CPU
		{1FC7D7B1-A2A8-4019-9F58-15C2B0F73B32}.Debug|Any CPU.Build.0 = Debug|Any CPU
		{1FC7D7B1-A2A8-4019-9F58-15C2B0F73B32}.Release|Any CPU.ActiveCfg = Release|Any CPU
		{1FC7D7B1-A2A8-4019-9F58-15C2B0F73B32}.Release|Any CPU.Build.0 = Release|Any CPU
		{363030F3-EC01-4A27-B28B-30E651CD7931}.Debug|Any CPU.ActiveCfg = Debug|Any CPU
		{363030F3-EC01-4A27-B28B-30E651CD7931}.Debug|Any CPU.Build.0 = Debug|Any CPU
		{363030F3-EC01-4A27-B28B-30E651CD7931}.Release|Any CPU.ActiveCfg = Release|Any CPU
		{363030F3-EC01-4A27-B28B-30E651CD7931}.Release|Any CPU.Build.0 = Release|Any CPU
	EndGlobalSection
	GlobalSection(SolutionProperties) = preSolution
		HideSolutionNode = FALSE
	EndGlobalSection
	GlobalSection(ExtensibilityGlobals) = postSolution
		SolutionGuid = {B1CF5302-2281-44C1-9286-66CEAC47A9CE}
	EndGlobalSection
EndGlobal
